{
    "_meta": {
        "hash": {
            "sha256": "c5d702f5f1933e26ab842879792427bb4be8b589a5f6431737cd17b09d462693"
        },
        "pipfile-spec": 6,
        "requires": {
            "python_version": "3.8"
        },
        "sources": [
            {
                "name": "pypi",
                "url": "https://pypi.python.org/simple",
                "verify_ssl": true
            }
        ]
    },
    "default": {
        "logger": {
            "hashes": [
                "sha256:4ecac57133c6376fa215f0fe6b4dc4d60e4d1ad8be005cab4e8a702df682f8b3"
            ],
            "index": "pypi",
            "version": "==1.4"
        },
        "python-dotenv": {
            "hashes": [
                "sha256:32b2bdc1873fd3a3c346da1c6db83d0053c3c62f28f1f38516070c4c8971b1d3",
                "sha256:a5de49a31e953b45ff2d2fd434bbc2670e8db5273606c1e737cc6b93eff3655f"
            ],
            "index": "pypi",
            "version": "==0.19.2"
        },
        "python-osc": {
            "hashes": [
                "sha256:2f8c187c68d239960fb2eddcb5346a62a9b35e64f2de045b3e5e509f475ca73d",
                "sha256:9e2abb2fc9ba2c356f8e951609a03c9c7017bf0bad82cca8490e9b8af9e92a0b"
            ],
            "index": "pypi",
            "version": "==1.8.0"
        },
        "websocket-server": {
            "hashes": [
                "sha256:a8a02d575905e50f6af90bbbc37d23d7e1b027630897f0eeefed6a3fb3c22e07",
                "sha256:aca2d8f7569c82fe3e949cbae1f9d3f3035ae15f1d4048085431c94b7dfd35be"
            ],
            "index": "pypi",
            "version": "==0.6.4"
        }
    },
    "develop": {}
}
